// !$*UTF8*$!
{
	archiveVersion = 1;
	classes = {
	};
	objectVersion = 46;
	objects = {

/* Begin PBXBuildFile section */
		292CA1691BB980D6004AC143 /* main.m in Sources */ = {isa = PBXBuildFile; fileRef = 292CA1681BB980D6004AC143 /* main.m */; };
		292CA16C1BB980D6004AC143 /* AppDelegate.m in Sources */ = {isa = PBXBuildFile; fileRef = 292CA16B1BB980D6004AC143 /* AppDelegate.m */; };
		292CA1721BB980D6004AC143 /* Main.storyboard in Resources */ = {isa = PBXBuildFile; fileRef = 292CA1701BB980D6004AC143 /* Main.storyboard */; };
		292CA1741BB980D6004AC143 /* Assets.xcassets in Resources */ = {isa = PBXBuildFile; fileRef = 292CA1731BB980D6004AC143 /* Assets.xcassets */; };
		292CA1771BB980D6004AC143 /* LaunchScreen.storyboard in Resources */ = {isa = PBXBuildFile; fileRef = 292CA1751BB980D6004AC143 /* LaunchScreen.storyboard */; };
		292CA1861BB98300004AC143 /* IVAccessToken.m in Sources */ = {isa = PBXBuildFile; fileRef = 292CA17F1BB98300004AC143 /* IVAccessToken.m */; settings = {ASSET_TAGS = (); }; };
		292CA1871BB98300004AC143 /* IVPostSender.m in Sources */ = {isa = PBXBuildFile; fileRef = 292CA1811BB98300004AC143 /* IVPostSender.m */; settings = {ASSET_TAGS = (); }; };
		292CA1881BB98300004AC143 /* IVUser.m in Sources */ = {isa = PBXBuildFile; fileRef = 292CA1831BB98300004AC143 /* IVUser.m */; settings = {ASSET_TAGS = (); }; };
		292CA1891BB98300004AC143 /* IVVKLoginViewController.m in Sources */ = {isa = PBXBuildFile; fileRef = 292CA1851BB98300004AC143 /* IVVKLoginViewController.m */; settings = {ASSET_TAGS = (); }; };
		292CA18C1BB98324004AC143 /* ViewController.m in Sources */ = {isa = PBXBuildFile; fileRef = 292CA18B1BB98324004AC143 /* ViewController.m */; settings = {ASSET_TAGS = (); }; };
/* End PBXBuildFile section */

/* Begin PBXFileReference section */
		292CA1641BB980D6004AC143 /* VKTest.app */ = {isa = PBXFileReference; explicitFileType = wrapper.application; includeInIndex = 0; path = VKTest.app; sourceTree = BUILT_PRODUCTS_DIR; };
		292CA1681BB980D6004AC143 /* main.m */ = {isa = PBXFileReference; lastKnownFileType = sourcecode.c.objc; path = main.m; sourceTree = "<group>"; };
		292CA16A1BB980D6004AC143 /* AppDelegate.h */ = {isa = PBXFileReference; lastKnownFileType = sourcecode.c.h; path = AppDelegate.h; sourceTree = "<group>"; };
		292CA16B1BB980D6004AC143 /* AppDelegate.m */ = {isa = PBXFileReference; lastKnownFileType = sourcecode.c.objc; path = AppDelegate.m; sourceTree = "<group>"; };
		292CA1711BB980D6004AC143 /* Base */ = {isa = PBXFileReference; lastKnownFileType = file.storyboard; name = Base; path = Base.lproj/Main.storyboard; sourceTree = "<group>"; };
		292CA1731BB980D6004AC143 /* Assets.xcassets */ = {isa = PBXFileReference; lastKnownFileType = folder.assetcatalog; path = Assets.xcassets; sourceTree = "<group>"; };
		292CA1761BB980D6004AC143 /* Base */ = {isa = PBXFileReference; lastKnownFileType = file.storyboard; name = Base; path = Base.lproj/LaunchScreen.storyboard; sourceTree = "<group>"; };
		292CA1781BB980D6004AC143 /* Info.plist */ = {isa = PBXFileReference; lastKnownFileType = text.plist.xml; path = Info.plist; sourceTree = "<group>"; };
		292CA17E1BB98300004AC143 /* IVAccessToken.h */ = {isa = PBXFileReference; fileEncoding = 4; lastKnownFileType = sourcecode.c.h; path = IVAccessToken.h; sourceTree = "<group>"; };
		292CA17F1BB98300004AC143 /* IVAccessToken.m */ = {isa = PBXFileReference; fileEncoding = 4; lastKnownFileType = sourcecode.c.objc; path = IVAccessToken.m; sourceTree = "<group>"; };
		292CA1801BB98300004AC143 /* IVPostSender.h */ = {isa = PBXFileReference; fileEncoding = 4; lastKnownFileType = sourcecode.c.h; path = IVPostSender.h; sourceTree = "<group>"; };
		292CA1811BB98300004AC143 /* IVPostSender.m */ = {isa = PBXFileReference; fileEncoding = 4; lastKnownFileType = sourcecode.c.objc; path = IVPostSender.m; sourceTree = "<group>"; };
		292CA1821BB98300004AC143 /* IVUser.h */ = {isa = PBXFileReference; fileEncoding = 4; lastKnownFileType = sourcecode.c.h; path = IVUser.h; sourceTree = "<group>"; };
		292CA1831BB98300004AC143 /* IVUser.m */ = {isa = PBXFileReference; fileEncoding = 4; lastKnownFileType = sourcecode.c.objc; path = IVUser.m; sourceTree = "<group>"; };
		292CA1841BB98300004AC143 /* IVVKLoginViewController.h */ = {isa = PBXFileReference; fileEncoding = 4; lastKnownFileType = sourcecode.c.h; path = IVVKLoginViewController.h; sourceTree = "<group>"; };
		292CA1851BB98300004AC143 /* IVVKLoginViewController.m */ = {isa = PBXFileReference; fileEncoding = 4; lastKnownFileType = sourcecode.c.objc; path = IVVKLoginViewController.m; sourceTree = "<group>"; };
		292CA18A1BB98324004AC143 /* ViewController.h */ = {isa = PBXFileReference; fileEncoding = 4; lastKnownFileType = sourcecode.c.h; path = ViewController.h; sourceTree = "<group>"; };
		292CA18B1BB98324004AC143 /* ViewController.m */ = {isa = PBXFileReference; fileEncoding = 4; lastKnownFileType = sourcecode.c.objc; path = ViewController.m; sourceTree = "<group>"; };
/* End PBXFileReference section */

/* Begin PBXFrameworksBuildPhase section */
		292CA1611BB980D6004AC143 /* Frameworks */ = {
			isa = PBXFrameworksBuildPhase;
			buildActionMask = 2147483647;
			files = (
			);
			runOnlyForDeploymentPostprocessing = 0;
		};
/* End PBXFrameworksBuildPhase section */

/* Begin PBXGroup section */
		292CA15B1BB980D6004AC143 = {
			isa = PBXGroup;
			children = (
				292CA1661BB980D6004AC143 /* VKTest */,
				292CA1651BB980D6004AC143 /* Products */,
			);
			sourceTree = "<group>";
		};
		292CA1651BB980D6004AC143 /* Products */ = {
			isa = PBXGroup;
			children = (
				292CA1641BB980D6004AC143 /* VKTest.app */,
			);
			name = Products;
			sourceTree = "<group>";
		};
		292CA1661BB980D6004AC143 /* VKTest */ = {
			isa = PBXGroup;
			children = (
				292CA16A1BB980D6004AC143 /* AppDelegate.h */,
				292CA16B1BB980D6004AC143 /* AppDelegate.m */,
				292CA17E1BB98300004AC143 /* IVAccessToken.h */,
				292CA17F1BB98300004AC143 /* IVAccessToken.m */,
				292CA1801BB98300004AC143 /* IVPostSender.h */,
				292CA1811BB98300004AC143 /* IVPostSender.m */,
				292CA1821BB98300004AC143 /* IVUser.h */,
				292CA1831BB98300004AC143 /* IVUser.m */,
				292CA18A1BB98324004AC143 /* ViewController.h */,
				292CA18B1BB98324004AC143 /* ViewController.m */,
				292CA1841BB98300004AC143 /* IVVKLoginViewController.h */,
				292CA1851BB98300004AC143 /* IVVKLoginViewController.m */,
				292CA1701BB980D6004AC143 /* Main.storyboard */,
				292CA1731BB980D6004AC143 /* Assets.xcassets */,
				292CA1751BB980D6004AC143 /* LaunchScreen.storyboard */,
				292CA1781BB980D6004AC143 /* Info.plist */,
				292CA1671BB980D6004AC143 /* Supporting Files */,
			);
			path = VKTest;
			sourceTree = "<group>";
		};
		292CA1671BB980D6004AC143 /* Supporting Files */ = {
			isa = PBXGroup;
			children = (
				292CA1681BB980D6004AC143 /* main.m */,
			);
			name = "Supporting Files";
			sourceTree = "<group>";
		};
/* End PBXGroup section */

/* Begin PBXNativeTarget section */
		292CA1631BB980D6004AC143 /* VKTest */ = {
			isa = PBXNativeTarget;
			buildConfigurationList = 292CA17B1BB980D6004AC143 /* Build configuration list for PBXNativeTarget "VKTest" */;
			buildPhases = (
				292CA1601BB980D6004AC143 /* Sources */,
				292CA1611BB980D6004AC143 /* Frameworks */,
				292CA1621BB980D6004AC143 /* Resources */,
			);
			buildRules = (
			);
			dependencies = (
			);
			name = VKTest;
			productName = VKTest;
			productReference = 292CA1641BB980D6004AC143 /* VKTest.app */;
			productType = "com.apple.product-type.application";
		};
/* End PBXNativeTarget section */

/* Begin PBXProject section */
		292CA15C1BB980D6004AC143 /* Project object */ = {
			isa = PBXProject;
			attributes = {
				LastUpgradeCheck = 0700;
				ORGANIZATIONNAME = "Игорь Веденеев";
				TargetAttributes = {
					292CA1631BB980D6004AC143 = {
						CreatedOnToolsVersion = 7.0;
						DevelopmentTeam = UPSRUYXAMU;
					};
				};
			};
			buildConfigurationList = 292CA15F1BB980D6004AC143 /* Build configuration list for PBXProject "VKTest" */;
			compatibilityVersion = "Xcode 3.2";
			developmentRegion = English;
			hasScannedForEncodings = 0;
			knownRegions = (
				en,
				Base,
			);
			mainGroup = 292CA15B1BB980D6004AC143;
			productRefGroup = 292CA1651BB980D6004AC143 /* Products */;
			projectDirPath = "";
			projectRoot = "";
			targets = (
				292CA1631BB980D6004AC143 /* VKTest */,
			);
		};
/* End PBXProject section */

/* Begin PBXResourcesBuildPhase section */
		292CA1621BB980D6004AC143 /* Resources */ = {
			isa = PBXResourcesBuildPhase;
			buildActionMask = 2147483647;
			files = (
				292CA1771BB980D6004AC143 /* LaunchScreen.storyboard in Resources */,
				292CA1741BB980D6004AC143 /* Assets.xcassets in Resources */,
				292CA1721BB980D6004AC143 /* Main.storyboard in Resources */,
			);
			runOnlyForDeploymentPostprocessing = 0;
		};
/* End PBXResourcesBuildPhase section */

/* Begin PBXSourcesBuildPhase section */
		292CA1601BB980D6004AC143 /* Sources */ = {
			isa = PBXSourcesBuildPhase;
			buildActionMask = 2147483647;
			files = (
				292CA18C1BB98324004AC143 /* ViewController.m in Sources */,
				292CA1891BB98300004AC143 /* IVVKLoginViewController.m in Sources */,
				292CA1861BB98300004AC143 /* IVAccessToken.m in Sources */,
				292CA1881BB98300004AC143 /* IVUser.m in Sources */,
				292CA1871BB98300004AC143 /* IVPostSender.m in Sources */,
				292CA16C1BB980D6004AC143 /* AppDelegate.m in Sources */,
				292CA1691BB980D6004AC143 /* main.m in Sources */,
			);
			runOnlyForDeploymentPostprocessing = 0;
		};
/* End PBXSourcesBuildPhase section */

/* Begin PBXVariantGroup section */
		292CA1701BB980D6004AC143 /* Main.storyboard */ = {
			isa = PBXVariantGroup;
			children = (
				292CA1711BB980D6004AC143 /* Base */,
			);
			name = Main.storyboard;
			sourceTree = "<group>";
		};
		292CA1751BB980D6004AC143 /* LaunchScreen.storyboard */ = {
			isa = PBXVariantGroup;
			children = (
				292CA1761BB980D6004AC143 /* Base */,
			);
			name = LaunchScreen.storyboard;
			sourceTree = "<group>";
		};
/* End PBXVariantGroup section */

/* Begin XCBuildConfiguration section */
		292CA1791BB980D6004AC143 /* Debug */ = {
			isa = XCBuildConfiguration;
			buildSettings = {
				ALWAYS_SEARCH_USER_PATHS = NO;
				CLANG_CXX_LANGUAGE_STANDARD = "gnu++0x";
				CLANG_CXX_LIBRARY = "libc++";
				CLANG_ENABLE_MODULES = YES;
				CLANG_ENABLE_OBJC_ARC = YES;
				CLANG_WARN_BOOL_CONVERSION = YES;
				CLANG_WARN_CONSTANT_CONVERSION = YES;
				CLANG_WARN_DIRECT_OBJC_ISA_USAGE = YES_ERROR;
				CLANG_WARN_EMPTY_BODY = YES;
				CLANG_WARN_ENUM_CONVERSION = YES;
				CLANG_WARN_INT_CONVERSION = YES;
				CLANG_WARN_OBJC_ROOT_CLASS = YES_ERROR;
				CLANG_WARN_UNREACHABLE_CODE = YES;
				CLANG_WARN__DUPLICATE_METHOD_MATCH = YES;
				"CODE_SIGN_IDENTITY[sdk=iphoneos*]" = "iPhone Developer";
				COPY_PHASE_STRIP = NO;
				DEBUG_INFORMATION_FORMAT = dwarf;
				ENABLE_STRICT_OBJC_MSGSEND = YES;
				ENABLE_TESTABILITY = YES;
				GCC_C_LANGUAGE_STANDARD = gnu99;
				GCC_DYNAMIC_NO_PIC = NO;
				GCC_NO_COMMON_BLOCKS = YES;
				GCC_OPTIMIZATION_LEVEL = 0;
				GCC_PREPROCESSOR_DEFINITIONS = (
					"DEBUG=1",
					"$(inherited)",
				);
				GCC_WARN_64_TO_32_BIT_CONVERSION = YES;
				GCC_WARN_ABOUT_RETURN_TYPE = YES_ERROR;
				GCC_WARN_UNDECLARED_SELECTOR = YES;
				GCC_WARN_UNINITIALIZED_AUTOS = YES_AGGRESSIVE;
				GCC_WARN_UNUSED_FUNCTION = YES;
				GCC_WARN_UNUSED_VARIABLE = YES;
				IPHONEOS_DEPLOYMENT_TARGET = 9.0;
				MTL_ENABLE_DEBUG_INFO = YES;
				ONLY_ACTIVE_ARCH = YES;
				SDKROOT = iphoneos;
			};
			name = Debug;
		};
		292CA17A1BB980D6004AC143 /* Release */ = {
			isa = XCBuildConfiguration;
			buildSettings = {
				ALWAYS_SEARCH_USER_PATHS = NO;
				CLANG_CXX_LANGUAGE_STANDARD = "gnu++0x";
				CLANG_CXX_LIBRARY = "libc++";
				CLANG_ENABLE_MODULES = YES;
				CLANG_ENABLE_OBJC_ARC = YES;
				CLANG_WARN_BOOL_CONVERSION = YES;
				CLANG_WARN_CONSTANT_CONVERSION = YES;
				CLANG_WARN_DIRECT_OBJC_ISA_USAGE = YES_ERROR;
				CLANG_WARN_EMPTY_BODY = YES;
				CLANG_WARN_ENUM_CONVERSION = YES;
				CLANG_WARN_INT_CONVERSION = YES;
				CLANG_WARN_OBJC_ROOT_CLASS = YES_ERROR;
				CLANG_WARN_UNREACHABLE_CODE = YES;
				CLANG_WARN__DUPLICATE_METHOD_MATCH = YES;
				"CODE_SIGN_IDENTITY[sdk=iphoneos*]" = "iPhone Developer";
				COPY_PHASE_STRIP = NO;
				DEBUG_INFORMATION_FORMAT = "dwarf-with-dsym";
				ENABLE_NS_ASSERTIONS = NO;
				ENABLE_STRICT_OBJC_MSGSEND = YES;
				GCC_C_LANGUAGE_STANDARD = gnu99;
				GCC_NO_COMMON_BLOCKS = YES;
				GCC_WARN_64_TO_32_BIT_CONVERSION = YES;
				GCC_WARN_ABOUT_RETURN_TYPE = YES_ERROR;
				GCC_WARN_UNDECLARED_SELECTOR = YES;
				GCC_WARN_UNINITIALIZED_AUTOS = YES_AGGRESSIVE;
				GCC_WARN_UNUSED_FUNCTION = YES;
				GCC_WARN_UNUSED_VARIABLE = YES;
				IPHONEOS_DEPLOYMENT_TARGET = 9.0;
				MTL_ENABLE_DEBUG_INFO = NO;
				SDKROOT = iphoneos;
				VALIDATE_PRODUCT = YES;
			};
			name = Release;
		};
		292CA17C1BB980D6004AC143 /* Debug */ = {
			isa = XCBuildConfiguration;
			buildSettings = {
				ASSETCATALOG_COMPILER_APPICON_NAME = AppIcon;
				INFOPLIST_FILE = VKTest/Info.plist;
				LD_RUNPATH_SEARCH_PATHS = "$(inherited) @executable_path/Frameworks";
				PRODUCT_BUNDLE_IDENTIFIER = iv.VKTest;
				PRODUCT_NAME = "$(TARGET_NAME)";
			};
			name = Debug;
		};
		292CA17D1BB980D6004AC143 /* Release */ = {
			isa = XCBuildConfiguration;
			buildSettings = {
				ASSETCATALOG_COMPILER_APPICON_NAME = AppIcon;
				INFOPLIST_FILE = VKTest/Info.plist;
				LD_RUNPATH_SEARCH_PATHS = "$(inherited) @executable_path/Frameworks";
				PRODUCT_BUNDLE_IDENTIFIER = iv.VKTest;
				PRODUCT_NAME = "$(TARGET_NAME)";
			};
			name = Release;
		};
/* End XCBuildConfiguration section */

/* Begin XCConfigurationList section */
		292CA15F1BB980D6004AC143 /* Build configuration list for PBXProject "VKTest" */ = {
			isa = XCConfigurationList;
			buildConfigurations = (
				292CA1791BB980D6004AC143 /* Debug */,
				292CA17A1BB980D6004AC143 /* Release */,
			);
			defaultConfigurationIsVisible = 0;
			defaultConfigurationName = Release;
		};
		292CA17B1BB980D6004AC143 /* Build configuration list for PBXNativeTarget "VKTest" */ = {
			isa = XCConfigurationList;
			buildConfigurations = (
				292CA17C1BB980D6004AC143 /* Debug */,
				292CA17D1BB980D6004AC143 /* Release */,
			);
			defaultConfigurationIsVisible = 0;
		};
/* End XCConfigurationList section */
	};
	rootObject = 292CA15C1BB980D6004AC143 /* Project object */;
}
